
Microsoft Visual Studio Solution File, Format Version 12.00
# Visual Studio Version 17
VisualStudioVersion = 17.1.32328.378
MinimumVisualStudioVersion = 10.0.40219.1
Project("{FAE04EC0-301F-11D3-BF4B-00C04F79EFBC}") = "CS_Study_220413_ObjectClass", "CS_Study_220413_ObjectClass.csproj", "{5C62BFCC-DDE2-4870-AD74-46AEC271CE0C}"
EndProject
Global
	GlobalSection(SolutionConfigurationPlatforms) = preSolution
		Debug|Any CPU = Debug|Any CPU
		Release|Any CPU = Release|Any CPU
	EndGlobalSection
	GlobalSection(ProjectConfigurationPlatforms) = postSolution
		{5C62BFCC-DDE2-4870-AD74-46AEC271CE0C}.Debug|Any CPU.ActiveCfg = Debug|Any CPU
		{5C62BFCC-DDE2-4870-AD74-46AEC271CE0C}.Debug|Any CPU.Build.0 = Debug|Any CPU
		{5C62BFCC-DDE2-4870-AD74-46AEC271CE0C}.Release|Any CPU.ActiveCfg = Release|Any CPU
		{5C62BFCC-DDE2-4870-AD74-46AEC271CE0C}.Release|Any CPU.Build.0 = Release|Any CPU
	EndGlobalSection
	GlobalSection(SolutionProperties) = preSolution
		HideSolutionNode = FALSE
	EndGlobalSection
	GlobalSection(ExtensibilityGlobals) = postSolution
		SolutionGuid = {BEF5537C-23EB-4903-AD9B-BB916B79326C}
	EndGlobalSection
EndGlobal
